<Solution>
  <Folder Name="/src/" />
  <Folder Name="/src/Api/">
    <Project Path="src/Api/EShop.Api/EShop.Api.csproj" Id="4a5697df-bf74-4e08-b6ca-2a0a27f4ea72" />
  </Folder>
  <Folder Name="/src/Core/">
    <Project Path="src/Application/EShop.Application.csproj" />
    <Project Path="src/Domain/EShop.Domain.csproj" />
  </Folder>
  <Folder Name="/src/Infrastructure/">
    <Project Path="src/Infrastructure/EShop.Infrastructure.csproj" Id="ee90756e-6c20-4efe-934f-b9461e9cff3a" />
    <Project Path="src/Persistence/EShop.Persistence.csproj" Id="da6b0841-8513-4f0a-ab22-e60aea66b2a2" />
    <Project Path="src/Identity/EShop.Identity/EShop.Identity.csproj" />
  </Folder>
  <Folder Name="/tests/" />
</Solution>
